
Microsoft Visual Studio Solution File, Format Version 12.00
# Visual Studio Version 17
VisualStudioVersion = 17.11.35222.181
MinimumVisualStudioVersion = 10.0.40219.1
Project("{FAE04EC0-301F-11D3-BF4B-00C04F79EFBC}") = "ContentsControls", "ContentsControls\ContentsControls.csproj", "{66BB5E6E-3DE6-42E5-A261-7AB8E0494995}"
EndProject
Global
	GlobalSection(SolutionConfigurationPlatforms) = preSolution
		Debug|Any CPU = Debug|Any CPU
		Release|Any CPU = Release|Any CPU
	EndGlobalSection
	GlobalSection(ProjectConfigurationPlatforms) = postSolution
		{66BB5E6E-3DE6-42E5-A261-7AB8E0494995}.Debug|Any CPU.ActiveCfg = Debug|Any CPU
		{66BB5E6E-3DE6-42E5-A261-7AB8E0494995}.Debug|Any CPU.Build.0 = Debug|Any CPU
		{66BB5E6E-3DE6-42E5-A261-7AB8E0494995}.Release|Any CPU.ActiveCfg = Release|Any CPU
		{66BB5E6E-3DE6-42E5-A261-7AB8E0494995}.Release|Any CPU.Build.0 = Release|Any CPU
	EndGlobalSection
	GlobalSection(SolutionProperties) = preSolution
		HideSolutionNode = FALSE
	EndGlobalSection
	GlobalSection(ExtensibilityGlobals) = postSolution
		SolutionGuid = {12FF6736-0480-486A-8956-378A41EDA161}
	EndGlobalSection
EndGlobal
